Microsoft Visual Studio Solution File, Format Version 12.00
# Visual Studio 2012
Project("{F184B08F-C81C-45F6-A57F-5ABD9991F28F}") = "UIServices", "UIServices\UIServices.vbproj", "{A228D60E-3C06-4224-86AC-78E7C0887056}"
EndProject
Project("{F184B08F-C81C-45F6-A57F-5ABD9991F28F}") = "MusterUpdater", "MusterUpdater\MusterUpdater.vbproj", "{1BCE1FCE-8CDC-406B-AD76-CABA2A53FAC1}"
EndProject
Project("{54435603-DBB4-11D2-8724-00A0C9A8B90C}") = "SetupMuster", "SetupMuster\SetupMuster.vdproj", "{06C490F4-3851-4A58-AD7A-C7751D439E40}"
	ProjectSection(ProjectDependencies) = postProject
	EndProjectSection
EndProject
Project("{F184B08F-C81C-45F6-A57F-5ABD9991F28F}") = "MUSTER.BusinessLogic", "..\..\Business Logic 4.5\BusinessLogicLayer\MUSTER.BusinessLogic.vbproj", "{67CBC94F-E15E-4FF4-A434-9B5426F9818A}"
EndProject
Global
	GlobalSection(SourceCodeControl) = preSolution
		SccNumberOfProjects = 2
		SccProjectUniqueName0 = MusterUpdater\\MusterUpdater.vbproj
		SccProjectName0 = \u0022$/UST/Solution_Muster.root/Current_Solution/MusterUpdater\u0022,\u0020OPUAAAAA
		SccLocalPath0 = MusterUpdater
		SccProvider0 = MSSCCI:Microsoft\u0020Visual\u0020SourceSafe
		SccProjectUniqueName1 = SetupMuster\\SetupMuster.vdproj
		SccProjectName1 = \u0022$/DEQ/Current_Solution/SetupMuster\u0022,\u0020EQUAAAAA
		SccLocalPath1 = SetupMuster
		SccProvider1 = MSSCCI:Microsoft\u0020Visual\u0020SourceSafe
	EndGlobalSection
	GlobalSection(SolutionConfigurationPlatforms) = preSolution
		Debug|Any CPU = Debug|Any CPU
		Release|Any CPU = Release|Any CPU
	EndGlobalSection
	GlobalSection(ProjectConfigurationPlatforms) = postSolution
		{A228D60E-3C06-4224-86AC-78E7C0887056}.Debug|Any CPU.ActiveCfg = Debug|Any CPU
		{A228D60E-3C06-4224-86AC-78E7C0887056}.Debug|Any CPU.Build.0 = Debug|Any CPU
		{A228D60E-3C06-4224-86AC-78E7C0887056}.Release|Any CPU.ActiveCfg = Release|Any CPU
		{A228D60E-3C06-4224-86AC-78E7C0887056}.Release|Any CPU.Build.0 = Release|Any CPU
		{1BCE1FCE-8CDC-406B-AD76-CABA2A53FAC1}.Debug|Any CPU.ActiveCfg = Debug|Any CPU
		{1BCE1FCE-8CDC-406B-AD76-CABA2A53FAC1}.Release|Any CPU.ActiveCfg = Release|Any CPU
		{06C490F4-3851-4A58-AD7A-C7751D439E40}.Debug|Any CPU.ActiveCfg = Debug
		{06C490F4-3851-4A58-AD7A-C7751D439E40}.Release|Any CPU.ActiveCfg = Release
		{67CBC94F-E15E-4FF4-A434-9B5426F9818A}.Debug|Any CPU.ActiveCfg = Debug|Any CPU
		{67CBC94F-E15E-4FF4-A434-9B5426F9818A}.Debug|Any CPU.Build.0 = Debug|Any CPU
		{67CBC94F-E15E-4FF4-A434-9B5426F9818A}.Release|Any CPU.ActiveCfg = Release|Any CPU
		{67CBC94F-E15E-4FF4-A434-9B5426F9818A}.Release|Any CPU.Build.0 = Release|Any CPU
	EndGlobalSection
	GlobalSection(SolutionProperties) = preSolution
		HideSolutionNode = FALSE
	EndGlobalSection
EndGlobal
