Microsoft Visual Studio Solution File, Format Version 12.00
# Visual Studio 2012
Project("{F184B08F-C81C-45F6-A57F-5ABD9991F28F}") = "UIServices", "UIServices\UIServices.vbproj", "{A228D60E-3C06-4224-86AC-78E7C0887056}"
EndProject
Project("{F184B08F-C81C-45F6-A57F-5ABD9991F28F}") = "MUSTER.BusinessLogic", "..\..\Business Logic 4.5\BusinessLogicLayer\MUSTER.BusinessLogic.vbproj", "{67CBC94F-E15E-4FF4-A434-9B5426F9818A}"
EndProject
Project("{F184B08F-C81C-45F6-A57F-5ABD9991F28F}") = "MUSTER.DataAccess", "..\..\DataAccessLayer\MUSTER.DataAccess.vbproj", "{B701F6B1-04FC-47B7-990A-15B24BC9983A}"
EndProject
Global
	GlobalSection(SolutionConfigurationPlatforms) = preSolution
		CD_ROM|Any CPU = CD_ROM|Any CPU
		CD_ROM|x64 = CD_ROM|x64
		CD_ROM|x86 = CD_ROM|x86
		Debug|Any CPU = Debug|Any CPU
		Debug|x64 = Debug|x64
		Debug|x86 = Debug|x86
		DVD-5|Any CPU = DVD-5|Any CPU
		DVD-5|x64 = DVD-5|x64
		DVD-5|x86 = DVD-5|x86
		Release|Any CPU = Release|Any CPU
		Release|x64 = Release|x64
		Release|x86 = Release|x86
		SingleImage|Any CPU = SingleImage|Any CPU
		SingleImage|x64 = SingleImage|x64
		SingleImage|x86 = SingleImage|x86
	EndGlobalSection
	GlobalSection(ProjectConfigurationPlatforms) = postSolution
		{A228D60E-3C06-4224-86AC-78E7C0887056}.CD_ROM|Any CPU.ActiveCfg = Release|Any CPU
		{A228D60E-3C06-4224-86AC-78E7C0887056}.CD_ROM|Any CPU.Build.0 = Release|Any CPU
		{A228D60E-3C06-4224-86AC-78E7C0887056}.CD_ROM|x64.ActiveCfg = Release|x64
		{A228D60E-3C06-4224-86AC-78E7C0887056}.CD_ROM|x64.Build.0 = Release|x64
		{A228D60E-3C06-4224-86AC-78E7C0887056}.CD_ROM|x86.ActiveCfg = Release|x86
		{A228D60E-3C06-4224-86AC-78E7C0887056}.CD_ROM|x86.Build.0 = Release|x86
		{A228D60E-3C06-4224-86AC-78E7C0887056}.Debug|Any CPU.ActiveCfg = Debug|Any CPU
		{A228D60E-3C06-4224-86AC-78E7C0887056}.Debug|Any CPU.Build.0 = Debug|Any CPU
		{A228D60E-3C06-4224-86AC-78E7C0887056}.Debug|x64.ActiveCfg = Debug|x64
		{A228D60E-3C06-4224-86AC-78E7C0887056}.Debug|x64.Build.0 = Debug|x64
		{A228D60E-3C06-4224-86AC-78E7C0887056}.Debug|x86.ActiveCfg = Debug|x86
		{A228D60E-3C06-4224-86AC-78E7C0887056}.Debug|x86.Build.0 = Debug|x86
		{A228D60E-3C06-4224-86AC-78E7C0887056}.DVD-5|Any CPU.ActiveCfg = Debug|Any CPU
		{A228D60E-3C06-4224-86AC-78E7C0887056}.DVD-5|Any CPU.Build.0 = Debug|Any CPU
		{A228D60E-3C06-4224-86AC-78E7C0887056}.DVD-5|x64.ActiveCfg = Debug|x64
		{A228D60E-3C06-4224-86AC-78E7C0887056}.DVD-5|x64.Build.0 = Debug|x64
		{A228D60E-3C06-4224-86AC-78E7C0887056}.DVD-5|x86.ActiveCfg = Debug|x86
		{A228D60E-3C06-4224-86AC-78E7C0887056}.DVD-5|x86.Build.0 = Debug|x86
		{A228D60E-3C06-4224-86AC-78E7C0887056}.Release|Any CPU.ActiveCfg = Release|Any CPU
		{A228D60E-3C06-4224-86AC-78E7C0887056}.Release|Any CPU.Build.0 = Release|Any CPU
		{A228D60E-3C06-4224-86AC-78E7C0887056}.Release|x64.ActiveCfg = Release|x64
		{A228D60E-3C06-4224-86AC-78E7C0887056}.Release|x64.Build.0 = Release|x64
		{A228D60E-3C06-4224-86AC-78E7C0887056}.Release|x86.ActiveCfg = Release|x86
		{A228D60E-3C06-4224-86AC-78E7C0887056}.Release|x86.Build.0 = Release|x86
		{A228D60E-3C06-4224-86AC-78E7C0887056}.SingleImage|Any CPU.ActiveCfg = Release|Any CPU
		{A228D60E-3C06-4224-86AC-78E7C0887056}.SingleImage|Any CPU.Build.0 = Release|Any CPU
		{A228D60E-3C06-4224-86AC-78E7C0887056}.SingleImage|x64.ActiveCfg = Release|x64
		{A228D60E-3C06-4224-86AC-78E7C0887056}.SingleImage|x64.Build.0 = Release|x64
		{A228D60E-3C06-4224-86AC-78E7C0887056}.SingleImage|x86.ActiveCfg = Release|x86
		{A228D60E-3C06-4224-86AC-78E7C0887056}.SingleImage|x86.Build.0 = Release|x86
		{67CBC94F-E15E-4FF4-A434-9B5426F9818A}.CD_ROM|Any CPU.ActiveCfg = Release|Any CPU
		{67CBC94F-E15E-4FF4-A434-9B5426F9818A}.CD_ROM|Any CPU.Build.0 = Release|Any CPU
		{67CBC94F-E15E-4FF4-A434-9B5426F9818A}.CD_ROM|x64.ActiveCfg = Release|x64
		{67CBC94F-E15E-4FF4-A434-9B5426F9818A}.CD_ROM|x64.Build.0 = Release|x64
		{67CBC94F-E15E-4FF4-A434-9B5426F9818A}.CD_ROM|x86.ActiveCfg = Release|x86
		{67CBC94F-E15E-4FF4-A434-9B5426F9818A}.CD_ROM|x86.Build.0 = Release|x86
		{67CBC94F-E15E-4FF4-A434-9B5426F9818A}.Debug|Any CPU.ActiveCfg = Debug|Any CPU
		{67CBC94F-E15E-4FF4-A434-9B5426F9818A}.Debug|Any CPU.Build.0 = Debug|Any CPU
		{67CBC94F-E15E-4FF4-A434-9B5426F9818A}.Debug|x64.ActiveCfg = Debug|x64
		{67CBC94F-E15E-4FF4-A434-9B5426F9818A}.Debug|x64.Build.0 = Debug|x64
		{67CBC94F-E15E-4FF4-A434-9B5426F9818A}.Debug|x86.ActiveCfg = Debug|x86
		{67CBC94F-E15E-4FF4-A434-9B5426F9818A}.Debug|x86.Build.0 = Debug|x86
		{67CBC94F-E15E-4FF4-A434-9B5426F9818A}.DVD-5|Any CPU.ActiveCfg = Debug|Any CPU
		{67CBC94F-E15E-4FF4-A434-9B5426F9818A}.DVD-5|Any CPU.Build.0 = Debug|Any CPU
		{67CBC94F-E15E-4FF4-A434-9B5426F9818A}.DVD-5|x64.ActiveCfg = Debug|x64
		{67CBC94F-E15E-4FF4-A434-9B5426F9818A}.DVD-5|x64.Build.0 = Debug|x64
		{67CBC94F-E15E-4FF4-A434-9B5426F9818A}.DVD-5|x86.ActiveCfg = Debug|x86
		{67CBC94F-E15E-4FF4-A434-9B5426F9818A}.DVD-5|x86.Build.0 = Debug|x86
		{67CBC94F-E15E-4FF4-A434-9B5426F9818A}.Release|Any CPU.ActiveCfg = Release|Any CPU
		{67CBC94F-E15E-4FF4-A434-9B5426F9818A}.Release|Any CPU.Build.0 = Release|Any CPU
		{67CBC94F-E15E-4FF4-A434-9B5426F9818A}.Release|x64.ActiveCfg = Release|x64
		{67CBC94F-E15E-4FF4-A434-9B5426F9818A}.Release|x64.Build.0 = Release|x64
		{67CBC94F-E15E-4FF4-A434-9B5426F9818A}.Release|x86.ActiveCfg = Release|x86
		{67CBC94F-E15E-4FF4-A434-9B5426F9818A}.Release|x86.Build.0 = Release|x86
		{67CBC94F-E15E-4FF4-A434-9B5426F9818A}.SingleImage|Any CPU.ActiveCfg = Release|Any CPU
		{67CBC94F-E15E-4FF4-A434-9B5426F9818A}.SingleImage|Any CPU.Build.0 = Release|Any CPU
		{67CBC94F-E15E-4FF4-A434-9B5426F9818A}.SingleImage|x64.ActiveCfg = Release|x64
		{67CBC94F-E15E-4FF4-A434-9B5426F9818A}.SingleImage|x64.Build.0 = Release|x64
		{67CBC94F-E15E-4FF4-A434-9B5426F9818A}.SingleImage|x86.ActiveCfg = Release|x86
		{67CBC94F-E15E-4FF4-A434-9B5426F9818A}.SingleImage|x86.Build.0 = Release|x86
		{B701F6B1-04FC-47B7-990A-15B24BC9983A}.CD_ROM|Any CPU.ActiveCfg = Release|Any CPU
		{B701F6B1-04FC-47B7-990A-15B24BC9983A}.CD_ROM|Any CPU.Build.0 = Release|Any CPU
		{B701F6B1-04FC-47B7-990A-15B24BC9983A}.CD_ROM|x64.ActiveCfg = Release|x64
		{B701F6B1-04FC-47B7-990A-15B24BC9983A}.CD_ROM|x64.Build.0 = Release|x64
		{B701F6B1-04FC-47B7-990A-15B24BC9983A}.CD_ROM|x86.ActiveCfg = Release|x86
		{B701F6B1-04FC-47B7-990A-15B24BC9983A}.CD_ROM|x86.Build.0 = Release|x86
		{B701F6B1-04FC-47B7-990A-15B24BC9983A}.Debug|Any CPU.ActiveCfg = Debug|Any CPU
		{B701F6B1-04FC-47B7-990A-15B24BC9983A}.Debug|Any CPU.Build.0 = Debug|Any CPU
		{B701F6B1-04FC-47B7-990A-15B24BC9983A}.Debug|x64.ActiveCfg = Debug|x64
		{B701F6B1-04FC-47B7-990A-15B24BC9983A}.Debug|x64.Build.0 = Debug|x64
		{B701F6B1-04FC-47B7-990A-15B24BC9983A}.Debug|x86.ActiveCfg = Debug|x86
		{B701F6B1-04FC-47B7-990A-15B24BC9983A}.Debug|x86.Build.0 = Debug|x86
		{B701F6B1-04FC-47B7-990A-15B24BC9983A}.DVD-5|Any CPU.ActiveCfg = Debug|Any CPU
		{B701F6B1-04FC-47B7-990A-15B24BC9983A}.DVD-5|Any CPU.Build.0 = Debug|Any CPU
		{B701F6B1-04FC-47B7-990A-15B24BC9983A}.DVD-5|x64.ActiveCfg = Debug|x64
		{B701F6B1-04FC-47B7-990A-15B24BC9983A}.DVD-5|x64.Build.0 = Debug|x64
		{B701F6B1-04FC-47B7-990A-15B24BC9983A}.DVD-5|x86.ActiveCfg = Debug|x86
		{B701F6B1-04FC-47B7-990A-15B24BC9983A}.DVD-5|x86.Build.0 = Debug|x86
		{B701F6B1-04FC-47B7-990A-15B24BC9983A}.Release|Any CPU.ActiveCfg = Release|Any CPU
		{B701F6B1-04FC-47B7-990A-15B24BC9983A}.Release|Any CPU.Build.0 = Release|Any CPU
		{B701F6B1-04FC-47B7-990A-15B24BC9983A}.Release|x64.ActiveCfg = Release|x64
		{B701F6B1-04FC-47B7-990A-15B24BC9983A}.Release|x64.Build.0 = Release|x64
		{B701F6B1-04FC-47B7-990A-15B24BC9983A}.Release|x86.ActiveCfg = Release|x86
		{B701F6B1-04FC-47B7-990A-15B24BC9983A}.Release|x86.Build.0 = Release|x86
		{B701F6B1-04FC-47B7-990A-15B24BC9983A}.SingleImage|Any CPU.ActiveCfg = Release|Any CPU
		{B701F6B1-04FC-47B7-990A-15B24BC9983A}.SingleImage|Any CPU.Build.0 = Release|Any CPU
		{B701F6B1-04FC-47B7-990A-15B24BC9983A}.SingleImage|x64.ActiveCfg = Release|x64
		{B701F6B1-04FC-47B7-990A-15B24BC9983A}.SingleImage|x64.Build.0 = Release|x64
		{B701F6B1-04FC-47B7-990A-15B24BC9983A}.SingleImage|x86.ActiveCfg = Release|x86
		{B701F6B1-04FC-47B7-990A-15B24BC9983A}.SingleImage|x86.Build.0 = Release|x86
	EndGlobalSection
	GlobalSection(SolutionProperties) = preSolution
		HideSolutionNode = FALSE
	EndGlobalSection
EndGlobal
